
Microsoft Visual Studio Solution File, Format Version 12.00
# Visual Studio 14
VisualStudioVersion = 14.0.25123.0
MinimumVisualStudioVersion = 10.0.40219.1
Project("{2150E333-8FDC-42A3-9474-1A3956D46DE8}") = "Engine", "Engine", "{71D578DE-E028-4BBD-86C4-01617704D943}"
EndProject
Project("{2150E333-8FDC-42A3-9474-1A3956D46DE8}") = "Games", "Games", "{A3D56101-5151-4AA2-A08B-AFF103E724BE}"
EndProject
Project("{8BC9CEB8-8B4A-11D0-8D11-00A0C91BC942}") = "UE4", "Intermediate\ProjectFiles\UE4.vcxproj", "{C8913009-D98A-4997-B794-A51F1F046D50}"
EndProject
Project("{8BC9CEB8-8B4A-11D0-8D11-00A0C91BC942}") = "MOBA_AI", "Intermediate\ProjectFiles\MOBA_AI.vcxproj", "{06BCFF67-0A02-4909-B58D-82B0A4A3E9AE}"
EndProject
Global
	GlobalSection(SolutionConfigurationPlatforms) = preSolution
		DebugGame Editor|HTML5 = DebugGame Editor|HTML5
		DebugGame Editor|IOS = DebugGame Editor|IOS
		DebugGame Editor|Win32 = DebugGame Editor|Win32
		DebugGame Editor|Win64 = DebugGame Editor|Win64
		DebugGame|HTML5 = DebugGame|HTML5
		DebugGame|IOS = DebugGame|IOS
		DebugGame|Win32 = DebugGame|Win32
		DebugGame|Win64 = DebugGame|Win64
		Development Editor|HTML5 = Development Editor|HTML5
		Development Editor|IOS = Development Editor|IOS
		Development Editor|Win32 = Development Editor|Win32
		Development Editor|Win64 = Development Editor|Win64
		Development|HTML5 = Development|HTML5
		Development|IOS = Development|IOS
		Development|Win32 = Development|Win32
		Development|Win64 = Development|Win64
		Shipping|HTML5 = Shipping|HTML5
		Shipping|IOS = Shipping|IOS
		Shipping|Win32 = Shipping|Win32
		Shipping|Win64 = Shipping|Win64
	EndGlobalSection
	GlobalSection(ProjectConfigurationPlatforms) = postSolution
		{C8913009-D98A-4997-B794-A51F1F046D50}.DebugGame Editor|HTML5.ActiveCfg = BuiltWithUnrealBuildTool|Win32
		{C8913009-D98A-4997-B794-A51F1F046D50}.DebugGame Editor|HTML5.Build.0 = BuiltWithUnrealBuildTool|Win32
		{C8913009-D98A-4997-B794-A51F1F046D50}.DebugGame Editor|IOS.ActiveCfg = BuiltWithUnrealBuildTool|Win32
		{C8913009-D98A-4997-B794-A51F1F046D50}.DebugGame Editor|IOS.Build.0 = BuiltWithUnrealBuildTool|Win32
		{C8913009-D98A-4997-B794-A51F1F046D50}.DebugGame Editor|Win32.ActiveCfg = BuiltWithUnrealBuildTool|Win32
		{C8913009-D98A-4997-B794-A51F1F046D50}.DebugGame Editor|Win32.Build.0 = BuiltWithUnrealBuildTool|Win32
		{C8913009-D98A-4997-B794-A51F1F046D50}.DebugGame Editor|Win64.ActiveCfg = BuiltWithUnrealBuildTool|Win32
		{C8913009-D98A-4997-B794-A51F1F046D50}.DebugGame Editor|Win64.Build.0 = BuiltWithUnrealBuildTool|Win32
		{C8913009-D98A-4997-B794-A51F1F046D50}.DebugGame|HTML5.ActiveCfg = BuiltWithUnrealBuildTool|Win32
		{C8913009-D98A-4997-B794-A51F1F046D50}.DebugGame|HTML5.Build.0 = BuiltWithUnrealBuildTool|Win32
		{C8913009-D98A-4997-B794-A51F1F046D50}.DebugGame|IOS.ActiveCfg = BuiltWithUnrealBuildTool|Win32
		{C8913009-D98A-4997-B794-A51F1F046D50}.DebugGame|IOS.Build.0 = BuiltWithUnrealBuildTool|Win32
		{C8913009-D98A-4997-B794-A51F1F046D50}.DebugGame|Win32.ActiveCfg = BuiltWithUnrealBuildTool|Win32
		{C8913009-D98A-4997-B794-A51F1F046D50}.DebugGame|Win32.Build.0 = BuiltWithUnrealBuildTool|Win32
		{C8913009-D98A-4997-B794-A51F1F046D50}.DebugGame|Win64.ActiveCfg = BuiltWithUnrealBuildTool|Win32
		{C8913009-D98A-4997-B794-A51F1F046D50}.DebugGame|Win64.Build.0 = BuiltWithUnrealBuildTool|Win32
		{C8913009-D98A-4997-B794-A51F1F046D50}.Development Editor|HTML5.ActiveCfg = BuiltWithUnrealBuildTool|Win32
		{C8913009-D98A-4997-B794-A51F1F046D50}.Development Editor|HTML5.Build.0 = BuiltWithUnrealBuildTool|Win32
		{C8913009-D98A-4997-B794-A51F1F046D50}.Development Editor|IOS.ActiveCfg = BuiltWithUnrealBuildTool|Win32
		{C8913009-D98A-4997-B794-A51F1F046D50}.Development Editor|IOS.Build.0 = BuiltWithUnrealBuildTool|Win32
		{C8913009-D98A-4997-B794-A51F1F046D50}.Development Editor|Win32.ActiveCfg = BuiltWithUnrealBuildTool|Win32
		{C8913009-D98A-4997-B794-A51F1F046D50}.Development Editor|Win32.Build.0 = BuiltWithUnrealBuildTool|Win32
		{C8913009-D98A-4997-B794-A51F1F046D50}.Development Editor|Win64.ActiveCfg = BuiltWithUnrealBuildTool|Win32
		{C8913009-D98A-4997-B794-A51F1F046D50}.Development Editor|Win64.Build.0 = BuiltWithUnrealBuildTool|Win32
		{C8913009-D98A-4997-B794-A51F1F046D50}.Development|HTML5.ActiveCfg = BuiltWithUnrealBuildTool|Win32
		{C8913009-D98A-4997-B794-A51F1F046D50}.Development|HTML5.Build.0 = BuiltWithUnrealBuildTool|Win32
		{C8913009-D98A-4997-B794-A51F1F046D50}.Development|IOS.ActiveCfg = BuiltWithUnrealBuildTool|Win32
		{C8913009-D98A-4997-B794-A51F1F046D50}.Development|IOS.Build.0 = BuiltWithUnrealBuildTool|Win32
		{C8913009-D98A-4997-B794-A51F1F046D50}.Development|Win32.ActiveCfg = BuiltWithUnrealBuildTool|Win32
		{C8913009-D98A-4997-B794-A51F1F046D50}.Development|Win32.Build.0 = BuiltWithUnrealBuildTool|Win32
		{C8913009-D98A-4997-B794-A51F1F046D50}.Development|Win64.ActiveCfg = BuiltWithUnrealBuildTool|Win32
		{C8913009-D98A-4997-B794-A51F1F046D50}.Development|Win64.Build.0 = BuiltWithUnrealBuildTool|Win32
		{C8913009-D98A-4997-B794-A51F1F046D50}.Shipping|HTML5.ActiveCfg = BuiltWithUnrealBuildTool|Win32
		{C8913009-D98A-4997-B794-A51F1F046D50}.Shipping|HTML5.Build.0 = BuiltWithUnrealBuildTool|Win32
		{C8913009-D98A-4997-B794-A51F1F046D50}.Shipping|IOS.ActiveCfg = BuiltWithUnrealBuildTool|Win32
		{C8913009-D98A-4997-B794-A51F1F046D50}.Shipping|IOS.Build.0 = BuiltWithUnrealBuildTool|Win32
		{C8913009-D98A-4997-B794-A51F1F046D50}.Shipping|Win32.ActiveCfg = BuiltWithUnrealBuildTool|Win32
		{C8913009-D98A-4997-B794-A51F1F046D50}.Shipping|Win32.Build.0 = BuiltWithUnrealBuildTool|Win32
		{C8913009-D98A-4997-B794-A51F1F046D50}.Shipping|Win64.ActiveCfg = BuiltWithUnrealBuildTool|Win32
		{C8913009-D98A-4997-B794-A51F1F046D50}.Shipping|Win64.Build.0 = BuiltWithUnrealBuildTool|Win32
		{06BCFF67-0A02-4909-B58D-82B0A4A3E9AE}.DebugGame Editor|HTML5.ActiveCfg = HTML5_DebugGame_Editor|Win32
		{06BCFF67-0A02-4909-B58D-82B0A4A3E9AE}.DebugGame Editor|IOS.ActiveCfg = IOS_DebugGame_Editor|Win32
		{06BCFF67-0A02-4909-B58D-82B0A4A3E9AE}.DebugGame Editor|Win32.ActiveCfg = DebugGame_Editor|Win32
		{06BCFF67-0A02-4909-B58D-82B0A4A3E9AE}.DebugGame Editor|Win64.ActiveCfg = DebugGame_Editor|x64
		{06BCFF67-0A02-4909-B58D-82B0A4A3E9AE}.DebugGame Editor|Win64.Build.0 = DebugGame_Editor|x64
		{06BCFF67-0A02-4909-B58D-82B0A4A3E9AE}.DebugGame|HTML5.ActiveCfg = HTML5_DebugGame_Game|Win32
		{06BCFF67-0A02-4909-B58D-82B0A4A3E9AE}.DebugGame|HTML5.Build.0 = HTML5_DebugGame_Game|Win32
		{06BCFF67-0A02-4909-B58D-82B0A4A3E9AE}.DebugGame|IOS.ActiveCfg = IOS_DebugGame_Game|Win32
		{06BCFF67-0A02-4909-B58D-82B0A4A3E9AE}.DebugGame|IOS.Build.0 = IOS_DebugGame_Game|Win32
		{06BCFF67-0A02-4909-B58D-82B0A4A3E9AE}.DebugGame|Win32.ActiveCfg = DebugGame_Game|Win32
		{06BCFF67-0A02-4909-B58D-82B0A4A3E9AE}.DebugGame|Win32.Build.0 = DebugGame_Game|Win32
		{06BCFF67-0A02-4909-B58D-82B0A4A3E9AE}.DebugGame|Win64.ActiveCfg = DebugGame_Game|x64
		{06BCFF67-0A02-4909-B58D-82B0A4A3E9AE}.DebugGame|Win64.Build.0 = DebugGame_Game|x64
		{06BCFF67-0A02-4909-B58D-82B0A4A3E9AE}.Development Editor|HTML5.ActiveCfg = HTML5_Development_Editor|Win32
		{06BCFF67-0A02-4909-B58D-82B0A4A3E9AE}.Development Editor|IOS.ActiveCfg = IOS_Development_Editor|Win32
		{06BCFF67-0A02-4909-B58D-82B0A4A3E9AE}.Development Editor|Win32.ActiveCfg = Development_Editor|Win32
		{06BCFF67-0A02-4909-B58D-82B0A4A3E9AE}.Development Editor|Win64.ActiveCfg = Development_Editor|x64
		{06BCFF67-0A02-4909-B58D-82B0A4A3E9AE}.Development Editor|Win64.Build.0 = Development_Editor|x64
		{06BCFF67-0A02-4909-B58D-82B0A4A3E9AE}.Development|HTML5.ActiveCfg = HTML5_Development_Game|Win32
		{06BCFF67-0A02-4909-B58D-82B0A4A3E9AE}.Development|HTML5.Build.0 = HTML5_Development_Game|Win32
		{06BCFF67-0A02-4909-B58D-82B0A4A3E9AE}.Development|IOS.ActiveCfg = IOS_Development_Game|Win32
		{06BCFF67-0A02-4909-B58D-82B0A4A3E9AE}.Development|IOS.Build.0 = IOS_Development_Game|Win32
		{06BCFF67-0A02-4909-B58D-82B0A4A3E9AE}.Development|Win32.ActiveCfg = Development_Game|Win32
		{06BCFF67-0A02-4909-B58D-82B0A4A3E9AE}.Development|Win32.Build.0 = Development_Game|Win32
		{06BCFF67-0A02-4909-B58D-82B0A4A3E9AE}.Development|Win64.ActiveCfg = Development_Game|x64
		{06BCFF67-0A02-4909-B58D-82B0A4A3E9AE}.Development|Win64.Build.0 = Development_Game|x64
		{06BCFF67-0A02-4909-B58D-82B0A4A3E9AE}.Shipping|HTML5.ActiveCfg = HTML5_Shipping_Game|Win32
		{06BCFF67-0A02-4909-B58D-82B0A4A3E9AE}.Shipping|HTML5.Build.0 = HTML5_Shipping_Game|Win32
		{06BCFF67-0A02-4909-B58D-82B0A4A3E9AE}.Shipping|IOS.ActiveCfg = IOS_Shipping_Game|Win32
		{06BCFF67-0A02-4909-B58D-82B0A4A3E9AE}.Shipping|IOS.Build.0 = IOS_Shipping_Game|Win32
		{06BCFF67-0A02-4909-B58D-82B0A4A3E9AE}.Shipping|Win32.ActiveCfg = Shipping_Game|Win32
		{06BCFF67-0A02-4909-B58D-82B0A4A3E9AE}.Shipping|Win32.Build.0 = Shipping_Game|Win32
		{06BCFF67-0A02-4909-B58D-82B0A4A3E9AE}.Shipping|Win64.ActiveCfg = Shipping_Game|x64
		{06BCFF67-0A02-4909-B58D-82B0A4A3E9AE}.Shipping|Win64.Build.0 = Shipping_Game|x64
	EndGlobalSection
	GlobalSection(SolutionProperties) = preSolution
		HideSolutionNode = FALSE
	EndGlobalSection
	GlobalSection(NestedProjects) = preSolution
		{C8913009-D98A-4997-B794-A51F1F046D50} = {71D578DE-E028-4BBD-86C4-01617704D943}
		{06BCFF67-0A02-4909-B58D-82B0A4A3E9AE} = {A3D56101-5151-4AA2-A08B-AFF103E724BE}
	EndGlobalSection
EndGlobal
